
Microsoft Visual Studio Solution File, Format Version 12.00
# Visual Studio Version 17
VisualStudioVersion = 17.7.34018.315
MinimumVisualStudioVersion = 10.0.40219.1
Project("{FAE04EC0-301F-11D3-BF4B-00C04F79EFBC}") = "RiseStudyCase.WebApi", "RiseStudyCase.WebApi\RiseStudyCase.WebApi.csproj", "{BFF397CE-E5D6-459E-B7B7-FABCA6EC07FE}"
EndProject
Global
	GlobalSection(SolutionConfigurationPlatforms) = preSolution
		Debug|Any CPU = Debug|Any CPU
		Release|Any CPU = Release|Any CPU
	EndGlobalSection
	GlobalSection(ProjectConfigurationPlatforms) = postSolution
		{BFF397CE-E5D6-459E-B7B7-FABCA6EC07FE}.Debug|Any CPU.ActiveCfg = Debug|Any CPU
		{BFF397CE-E5D6-459E-B7B7-FABCA6EC07FE}.Debug|Any CPU.Build.0 = Debug|Any CPU
		{BFF397CE-E5D6-459E-B7B7-FABCA6EC07FE}.Release|Any CPU.ActiveCfg = Release|Any CPU
		{BFF397CE-E5D6-459E-B7B7-FABCA6EC07FE}.Release|Any CPU.Build.0 = Release|Any CPU
	EndGlobalSection
	GlobalSection(SolutionProperties) = preSolution
		HideSolutionNode = FALSE
	EndGlobalSection
	GlobalSection(ExtensibilityGlobals) = postSolution
		SolutionGuid = {7DDE524C-6F0F-4420-8898-543ED2A90D38}
	EndGlobalSection
EndGlobal
